
Microsoft Visual Studio Solution File, Format Version 11.00
# Visual Studio 2010
Project("{FAE04EC0-301F-11D3-BF4B-00C04F79EFBC}") = "FizBuz", "FizBuz\FizBuz.csproj", "{6376C80C-EC64-458B-B514-64F88D540AE9}"
EndProject
Project("{FAE04EC0-301F-11D3-BF4B-00C04F79EFBC}") = "FizBuzLib", "FizBuzLib\FizBuzLib.csproj", "{18D57D70-7D0E-455C-BCF1-19D1EE38E11D}"
EndProject
Project("{FAE04EC0-301F-11D3-BF4B-00C04F79EFBC}") = "FizBuzTest", "FizBuzTest\FizBuzTest.csproj", "{AF5A954B-B891-4493-98FB-E418D364C724}"
EndProject
Global
	GlobalSection(SolutionConfigurationPlatforms) = preSolution
		Debug|Any CPU = Debug|Any CPU
		Release|Any CPU = Release|Any CPU
	EndGlobalSection
	GlobalSection(ProjectConfigurationPlatforms) = postSolution
		{6376C80C-EC64-458B-B514-64F88D540AE9}.Debug|Any CPU.ActiveCfg = Debug|Any CPU
		{6376C80C-EC64-458B-B514-64F88D540AE9}.Debug|Any CPU.Build.0 = Debug|Any CPU
		{6376C80C-EC64-458B-B514-64F88D540AE9}.Release|Any CPU.ActiveCfg = Release|Any CPU
		{6376C80C-EC64-458B-B514-64F88D540AE9}.Release|Any CPU.Build.0 = Release|Any CPU
		{18D57D70-7D0E-455C-BCF1-19D1EE38E11D}.Debug|Any CPU.ActiveCfg = Debug|Any CPU
		{18D57D70-7D0E-455C-BCF1-19D1EE38E11D}.Debug|Any CPU.Build.0 = Debug|Any CPU
		{18D57D70-7D0E-455C-BCF1-19D1EE38E11D}.Release|Any CPU.ActiveCfg = Release|Any CPU
		{18D57D70-7D0E-455C-BCF1-19D1EE38E11D}.Release|Any CPU.Build.0 = Release|Any CPU
		{AF5A954B-B891-4493-98FB-E418D364C724}.Debug|Any CPU.ActiveCfg = Debug|Any CPU
		{AF5A954B-B891-4493-98FB-E418D364C724}.Debug|Any CPU.Build.0 = Debug|Any CPU
		{AF5A954B-B891-4493-98FB-E418D364C724}.Release|Any CPU.ActiveCfg = Release|Any CPU
		{AF5A954B-B891-4493-98FB-E418D364C724}.Release|Any CPU.Build.0 = Release|Any CPU
	EndGlobalSection
	GlobalSection(SolutionProperties) = preSolution
		HideSolutionNode = FALSE
	EndGlobalSection
EndGlobal
